{
  "object": {
    "pins": [
      {
        "package": "KeyboardShortcuts",
        "repositoryURL": "https://github.com/sindresorhus/KeyboardShortcuts",
        "state": {
          "branch": null,
          "revision": "0d77aa6851615007a84c9ca77c420dbd13bbad8a",
          "version": "1.3.0"
        }
      },
      {
        "package": "SFSafeSymbols",
        "repositoryURL": "https://github.com/piknotech/SFSafeSymbols.git",
        "state": {
          "branch": null,
          "revision": "c61de7a6e9eb1520d32316b06d5932accd974e70",
          "version": "2.1.3"
        }
      }
    ]
  },
  "version": 1
}
