// !$*UTF8*$!
{
	archiveVersion = 1;
	classes = {
	};
	objectVersion = 60;
	objects = {

/* Begin PBXBuildFile section */
		010245AF273458850085CFDC /* ScenecutsWidget.intentdefinition in Sources */ = {isa = PBXBuildFile; fileRef = 01AE3CF82731C24300DD6569 /* ScenecutsWidget.intentdefinition */; };
		0104AC87254E0F33004124CD /* AppKitIntegration.h in Headers */ = {isa = PBXBuildFile; fileRef = 0104AC85254E0F33004124CD /* AppKitIntegration.h */; settings = {ATTRIBUTES = (Public, ); }; };
		0104AC94254E0F54004124CD /* AppKitController.swift in Sources */ = {isa = PBXBuildFile; fileRef = 0104AC93254E0F54004124CD /* AppKitController.swift */; };
		0104ACA7254E100D004124CD /* AppKitIntegration.framework in Copy Files */ = {isa = PBXBuildFile; fileRef = 0104AC83254E0F33004124CD /* AppKitIntegration.framework */; platformFilter = maccatalyst; settings = {ATTRIBUTES = (RemoveHeadersOnCopy, ); }; };
		010B32672551CF5300F2F228 /* SceneStatusBarItem.swift in Sources */ = {isa = PBXBuildFile; fileRef = 010B32662551CF5300F2F228 /* SceneStatusBarItem.swift */; };
		0113689F27358AB0005326FA /* RequestReviewManager.swift in Sources */ = {isa = PBXBuildFile; fileRef = 0113689D273589F7005326FA /* RequestReviewManager.swift */; };
		0119DF2A2561AE0E00FF7A01 /* IconButton.swift in Sources */ = {isa = PBXBuildFile; fileRef = 0119DF292561AE0E00FF7A01 /* IconButton.swift */; };
		013D3A0E254AFADF0057F24A /* ScenecutsApp.swift in Sources */ = {isa = PBXBuildFile; fileRef = 013D3A0D254AFADF0057F24A /* ScenecutsApp.swift */; };
		013D3A12254AFADF0057F24A /* Assets.xcassets in Resources */ = {isa = PBXBuildFile; fileRef = 013D3A11254AFADF0057F24A /* Assets.xcassets */; };
		013D3A15254AFADF0057F24A /* Preview Assets.xcassets in Resources */ = {isa = PBXBuildFile; fileRef = 013D3A14254AFADF0057F24A /* Preview Assets.xcassets */; };
		013D3A1F254AFB320057F24A /* StatusBarController.swift in Sources */ = {isa = PBXBuildFile; fileRef = 013D3A1E254AFB320057F24A /* StatusBarController.swift */; };
		013D3AA0254B059C0057F24A /* SettingsView.swift in Sources */ = {isa = PBXBuildFile; fileRef = 013D3A9F254B059C0057F24A /* SettingsView.swift */; };
		013D3AA3254B05B60057F24A /* GeneralSettingsView.swift in Sources */ = {isa = PBXBuildFile; fileRef = 013D3AA2254B05B60057F24A /* GeneralSettingsView.swift */; };
		01426019254DB15300821E69 /* ActionSet.swift in Sources */ = {isa = PBXBuildFile; fileRef = 01426017254DB15300821E69 /* ActionSet.swift */; };
		0155941C254F0D1500468BA5 /* Notification+Extensions.swift in Sources */ = {isa = PBXBuildFile; fileRef = 0155941B254F0D1500468BA5 /* Notification+Extensions.swift */; };
		0155941F254F0D8300468BA5 /* Notification+Extensions.swift in Sources */ = {isa = PBXBuildFile; fileRef = 0155941B254F0D1500468BA5 /* Notification+Extensions.swift */; };
		01559421254F0EAC00468BA5 /* Notification+Extensions.swift in Sources */ = {isa = PBXBuildFile; fileRef = 0155941B254F0D1500468BA5 /* Notification+Extensions.swift */; };
		015BA337257C3C0700FA20A6 /* ActionSet.swift in Sources */ = {isa = PBXBuildFile; fileRef = 01426017254DB15300821E69 /* ActionSet.swift */; };
		016FB61D27349BEF003883F8 /* SceneTriggerHandler.appex in Embed Helper App */ = {isa = PBXBuildFile; fileRef = 01DA5BAA27344FE10034F959 /* SceneTriggerHandler.appex */; settings = {ATTRIBUTES = (RemoveHeadersOnCopy, ); }; };
		0177BE83254B1B42008492AB /* KeyboardShortcuts in Frameworks */ = {isa = PBXBuildFile; productRef = 0177BE82254B1B42008492AB /* KeyboardShortcuts */; };
		0177BE86254B1B52008492AB /* SceneSettingsView.swift in Sources */ = {isa = PBXBuildFile; fileRef = 0177BE85254B1B52008492AB /* SceneSettingsView.swift */; };
		0177BF0D254B4293008492AB /* ScenecutsHelperApp.swift in Sources */ = {isa = PBXBuildFile; fileRef = 0177BF0C254B4293008492AB /* ScenecutsHelperApp.swift */; };
		0177BF11254B4294008492AB /* Assets.xcassets in Resources */ = {isa = PBXBuildFile; fileRef = 0177BF10254B4294008492AB /* Assets.xcassets */; };
		0177BF14254B4294008492AB /* Preview Assets.xcassets in Resources */ = {isa = PBXBuildFile; fileRef = 0177BF13254B4294008492AB /* Preview Assets.xcassets */; };
		0177BF8B254B4F3D008492AB /* Home.swift in Sources */ = {isa = PBXBuildFile; fileRef = 0177BF8A254B4F3D008492AB /* Home.swift */; };
		0177BF8F254B538C008492AB /* HomeKit.framework in Frameworks */ = {isa = PBXBuildFile; fileRef = 0177BF8E254B538C008492AB /* HomeKit.framework */; };
		0177BF93254B60B3008492AB /* HelperManager.swift in Sources */ = {isa = PBXBuildFile; fileRef = 0177BF92254B60B3008492AB /* HelperManager.swift */; };
		0199341D255ED98C002FC872 /* IconSelectionView.swift in Sources */ = {isa = PBXBuildFile; fileRef = 0199341C255ED98C002FC872 /* IconSelectionView.swift */; };
		019D948D255F0A0E00A3D48A /* SFSafeSymbols in Frameworks */ = {isa = PBXBuildFile; productRef = 019D948C255F0A0E00A3D48A /* SFSafeSymbols */; };
		01AA288F257C5B74003A3B08 /* SceneConfigurationView.swift in Sources */ = {isa = PBXBuildFile; fileRef = 01AA288E257C5B74003A3B08 /* SceneConfigurationView.swift */; };
		01AA28BB257C6623003A3B08 /* Localizable.strings in Resources */ = {isa = PBXBuildFile; fileRef = 01AA28BD257C6623003A3B08 /* Localizable.strings */; };
		01AA28DA257C802A003A3B08 /* Localizable.strings in Resources */ = {isa = PBXBuildFile; fileRef = 01AA28BD257C6623003A3B08 /* Localizable.strings */; };
		01AA28E1257C80CD003A3B08 /* InfoPlist.strings in Resources */ = {isa = PBXBuildFile; fileRef = 01AA28E3257C80CD003A3B08 /* InfoPlist.strings */; };
		01AE3CF32731C24300DD6569 /* WidgetKit.framework in Frameworks */ = {isa = PBXBuildFile; fileRef = 01F875A125520F32003A362A /* WidgetKit.framework */; platformFilters = (maccatalyst, macos, ); };
		01AE3CF42731C24300DD6569 /* SwiftUI.framework in Frameworks */ = {isa = PBXBuildFile; fileRef = 01F875A325520F32003A362A /* SwiftUI.framework */; platformFilters = (maccatalyst, macos, ); };
		01AE3CF72731C24300DD6569 /* WidgetBundle.swift in Sources */ = {isa = PBXBuildFile; fileRef = 01AE3CF62731C24300DD6569 /* WidgetBundle.swift */; };
		01AE3CFD2731C24300DD6569 /* ScenecutsWidget.intentdefinition in Sources */ = {isa = PBXBuildFile; fileRef = 01AE3CF82731C24300DD6569 /* ScenecutsWidget.intentdefinition */; };
		01AE3D072731C43300DD6569 /* Assets.xcassets in Resources */ = {isa = PBXBuildFile; fileRef = 01AE3CF92731C24300DD6569 /* Assets.xcassets */; };
		01C6BCE72731C62900DA7C00 /* Notification+Extensions.swift in Sources */ = {isa = PBXBuildFile; fileRef = 0155941B254F0D1500468BA5 /* Notification+Extensions.swift */; };
		01C6BD5F2732BCA800DA7C00 /* WidgetInfo.swift in Sources */ = {isa = PBXBuildFile; fileRef = 01C6BD5D2732BC3C00DA7C00 /* WidgetInfo.swift */; };
		01C6BD602732BCAA00DA7C00 /* WidgetInfo.swift in Sources */ = {isa = PBXBuildFile; fileRef = 01C6BD5D2732BC3C00DA7C00 /* WidgetInfo.swift */; };
		01DA5BA327344EEA0034F959 /* ScenecutsWidgetExtension.appex in Embed Helper App */ = {isa = PBXBuildFile; fileRef = 01AE3CF22731C24300DD6569 /* ScenecutsWidgetExtension.appex */; settings = {ATTRIBUTES = (RemoveHeadersOnCopy, ); }; };
		01DA5BAB27344FE10034F959 /* Intents.framework in Frameworks */ = {isa = PBXBuildFile; fileRef = 01C6BCED2731D68A00DA7C00 /* Intents.framework */; platformFilter = maccatalyst; };
		01DA5BAE27344FE10034F959 /* HomeKitIntentHandler.swift in Sources */ = {isa = PBXBuildFile; fileRef = 01DA5BAD27344FE10034F959 /* HomeKitIntentHandler.swift */; };
		01DA5BBA27344FFB0034F959 /* HomeKitIntentHandler.swift in Sources */ = {isa = PBXBuildFile; fileRef = 01DA5BAD27344FE10034F959 /* HomeKitIntentHandler.swift */; };
		01DA5BBB273450E80034F959 /* WidgetInfo.swift in Sources */ = {isa = PBXBuildFile; fileRef = 01C6BD5D2732BC3C00DA7C00 /* WidgetInfo.swift */; };
		01DA5BBC273450F00034F959 /* Notification+Extensions.swift in Sources */ = {isa = PBXBuildFile; fileRef = 0155941B254F0D1500468BA5 /* Notification+Extensions.swift */; };
		01DA5BBD273451720034F959 /* ScenecutsWidget.intentdefinition in Sources */ = {isa = PBXBuildFile; fileRef = 01AE3CF82731C24300DD6569 /* ScenecutsWidget.intentdefinition */; };
		01DEC0D92572C9140044C6D5 /* AdvancedSettingsView.swift in Sources */ = {isa = PBXBuildFile; fileRef = 01DEC0D82572C9140044C6D5 /* AdvancedSettingsView.swift */; };
		01DEC0DD2572CFB70044C6D5 /* UserDefaults+Preferences.swift in Sources */ = {isa = PBXBuildFile; fileRef = 01DEC0DC2572CFB70044C6D5 /* UserDefaults+Preferences.swift */; };
		01E3C71725603DB000CF2ED8 /* Scenecuts.app in Embed Helper App */ = {isa = PBXBuildFile; fileRef = 0104AC8C254E0F33004124CD /* Scenecuts.app */; platformFilter = maccatalyst; settings = {ATTRIBUTES = (RemoveHeadersOnCopy, ); }; };
		E90789FF2AE88D810025F6B4 /* LaunchAtLogin in Frameworks */ = {isa = PBXBuildFile; productRef = E90789FE2AE88D810025F6B4 /* LaunchAtLogin */; };
		E9443CE52AF5668B00E0280E /* WindowPosition.swift in Sources */ = {isa = PBXBuildFile; fileRef = E9443CE42AF5668B00E0280E /* WindowPosition.swift */; };
		E94DAB792AF55BD600FC60B5 /* ScenePillView.swift in Sources */ = {isa = PBXBuildFile; fileRef = E94DAB782AF55BD600FC60B5 /* ScenePillView.swift */; };
		E9C00BD42AF6811E009054B2 /* SceneTableSettingsView.swift in Sources */ = {isa = PBXBuildFile; fileRef = E9C00BD32AF6811E009054B2 /* SceneTableSettingsView.swift */; };
/* End PBXBuildFile section */

/* Begin PBXContainerItemProxy section */
		0104AC99254E0F6C004124CD /* PBXContainerItemProxy */ = {
			isa = PBXContainerItemProxy;
			containerPortal = 013D3A02254AFADF0057F24A /* Project object */;
			proxyType = 1;
			remoteGlobalIDString = 0104AC82254E0F33004124CD;
			remoteInfo = AppKitIntegration;
		};
		014CCCED256182040005FE49 /* PBXContainerItemProxy */ = {
			isa = PBXContainerItemProxy;
			containerPortal = 013D3A02254AFADF0057F24A /* Project object */;
			proxyType = 1;
			remoteGlobalIDString = 013D3A09254AFADF0057F24A;
			remoteInfo = Scenecuts;
		};
		016FB61E27349BEF003883F8 /* PBXContainerItemProxy */ = {
			isa = PBXContainerItemProxy;
			containerPortal = 013D3A02254AFADF0057F24A /* Project object */;
			proxyType = 1;
			remoteGlobalIDString = 01DA5BA927344FE10034F959;
			remoteInfo = SceneTriggerHandler;
		};
		01DA5BA427344EEA0034F959 /* PBXContainerItemProxy */ = {
			isa = PBXContainerItemProxy;
			containerPortal = 013D3A02254AFADF0057F24A /* Project object */;
			proxyType = 1;
			remoteGlobalIDString = 01AE3CF12731C24300DD6569;
			remoteInfo = ScenecutsWidgetExtension;
		};
/* End PBXContainerItemProxy section */

/* Begin PBXCopyFilesBuildPhase section */
		0104ACA6254E1002004124CD /* Copy Files */ = {
			isa = PBXCopyFilesBuildPhase;
			buildActionMask = 2147483647;
			dstPath = "";
			dstSubfolderSpec = 10;
			files = (
				0104ACA7254E100D004124CD /* AppKitIntegration.framework in Copy Files */,
			);
			name = "Copy Files";
			runOnlyForDeploymentPostprocessing = 0;
		};
		01E3C71625603D9F00CF2ED8 /* Embed Helper App */ = {
			isa = PBXCopyFilesBuildPhase;
			buildActionMask = 2147483647;
			dstPath = "";
			dstSubfolderSpec = 13;
			files = (
				01E3C71725603DB000CF2ED8 /* Scenecuts.app in Embed Helper App */,
				016FB61D27349BEF003883F8 /* SceneTriggerHandler.appex in Embed Helper App */,
				01DA5BA327344EEA0034F959 /* ScenecutsWidgetExtension.appex in Embed Helper App */,
			);
			name = "Embed Helper App";
			runOnlyForDeploymentPostprocessing = 0;
		};
/* End PBXCopyFilesBuildPhase section */

/* Begin PBXFileReference section */
		0104AC83254E0F33004124CD /* AppKitIntegration.framework */ = {isa = PBXFileReference; explicitFileType = wrapper.framework; includeInIndex = 0; path = AppKitIntegration.framework; sourceTree = BUILT_PRODUCTS_DIR; };
		0104AC85254E0F33004124CD /* AppKitIntegration.h */ = {isa = PBXFileReference; lastKnownFileType = sourcecode.c.h; path = AppKitIntegration.h; sourceTree = "<group>"; };
		0104AC86254E0F33004124CD /* Info.plist */ = {isa = PBXFileReference; lastKnownFileType = text.plist.xml; path = Info.plist; sourceTree = "<group>"; };
		0104AC8C254E0F33004124CD /* Scenecuts.app */ = {isa = PBXFileReference; explicitFileType = wrapper.application; includeInIndex = 0; path = Scenecuts.app; sourceTree = BUILT_PRODUCTS_DIR; };
		0104AC92254E0F48004124CD /* Scenecuts.app */ = {isa = PBXFileReference; explicitFileType = wrapper.application; includeInIndex = 0; path = Scenecuts.app; sourceTree = BUILT_PRODUCTS_DIR; };
		0104AC93254E0F54004124CD /* AppKitController.swift */ = {isa = PBXFileReference; lastKnownFileType = sourcecode.swift; path = AppKitController.swift; sourceTree = "<group>"; };
		010B32662551CF5300F2F228 /* SceneStatusBarItem.swift */ = {isa = PBXFileReference; lastKnownFileType = sourcecode.swift; path = SceneStatusBarItem.swift; sourceTree = "<group>"; };
		0113689D273589F7005326FA /* RequestReviewManager.swift */ = {isa = PBXFileReference; lastKnownFileType = sourcecode.swift; path = RequestReviewManager.swift; sourceTree = "<group>"; };
		0119DF292561AE0E00FF7A01 /* IconButton.swift */ = {isa = PBXFileReference; lastKnownFileType = sourcecode.swift; path = IconButton.swift; sourceTree = "<group>"; };
		013D3A0D254AFADF0057F24A /* ScenecutsApp.swift */ = {isa = PBXFileReference; lastKnownFileType = sourcecode.swift; path = ScenecutsApp.swift; sourceTree = "<group>"; };
		013D3A11254AFADF0057F24A /* Assets.xcassets */ = {isa = PBXFileReference; lastKnownFileType = folder.assetcatalog; path = Assets.xcassets; sourceTree = "<group>"; };
		013D3A14254AFADF0057F24A /* Preview Assets.xcassets */ = {isa = PBXFileReference; lastKnownFileType = folder.assetcatalog; path = "Preview Assets.xcassets"; sourceTree = "<group>"; };
		013D3A16254AFADF0057F24A /* Info.plist */ = {isa = PBXFileReference; lastKnownFileType = text.plist.xml; path = Info.plist; sourceTree = "<group>"; };
		013D3A17254AFADF0057F24A /* Scenecuts.entitlements */ = {isa = PBXFileReference; lastKnownFileType = text.plist.entitlements; path = Scenecuts.entitlements; sourceTree = "<group>"; };
		013D3A1E254AFB320057F24A /* StatusBarController.swift */ = {isa = PBXFileReference; lastKnownFileType = sourcecode.swift; path = StatusBarController.swift; sourceTree = "<group>"; };
		013D3A9F254B059C0057F24A /* SettingsView.swift */ = {isa = PBXFileReference; lastKnownFileType = sourcecode.swift; path = SettingsView.swift; sourceTree = "<group>"; };
		013D3AA2254B05B60057F24A /* GeneralSettingsView.swift */ = {isa = PBXFileReference; lastKnownFileType = sourcecode.swift; path = GeneralSettingsView.swift; sourceTree = "<group>"; };
		01426017254DB15300821E69 /* ActionSet.swift */ = {isa = PBXFileReference; lastKnownFileType = sourcecode.swift; path = ActionSet.swift; sourceTree = "<group>"; };
		0155941B254F0D1500468BA5 /* Notification+Extensions.swift */ = {isa = PBXFileReference; lastKnownFileType = sourcecode.swift; path = "Notification+Extensions.swift"; sourceTree = "<group>"; };
		0177BE85254B1B52008492AB /* SceneSettingsView.swift */ = {isa = PBXFileReference; lastKnownFileType = sourcecode.swift; path = SceneSettingsView.swift; sourceTree = "<group>"; };
		0177BF0C254B4293008492AB /* ScenecutsHelperApp.swift */ = {isa = PBXFileReference; lastKnownFileType = sourcecode.swift; path = ScenecutsHelperApp.swift; sourceTree = "<group>"; };
		0177BF10254B4294008492AB /* Assets.xcassets */ = {isa = PBXFileReference; lastKnownFileType = folder.assetcatalog; path = Assets.xcassets; sourceTree = "<group>"; };
		0177BF13254B4294008492AB /* Preview Assets.xcassets */ = {isa = PBXFileReference; lastKnownFileType = folder.assetcatalog; path = "Preview Assets.xcassets"; sourceTree = "<group>"; };
		0177BF15254B4294008492AB /* Info.plist */ = {isa = PBXFileReference; lastKnownFileType = text.plist.xml; path = Info.plist; sourceTree = "<group>"; };
		0177BF1B254B42A3008492AB /* ScenecutsHelper.entitlements */ = {isa = PBXFileReference; lastKnownFileType = text.plist.entitlements; path = ScenecutsHelper.entitlements; sourceTree = "<group>"; };
		0177BF8A254B4F3D008492AB /* Home.swift */ = {isa = PBXFileReference; lastKnownFileType = sourcecode.swift; path = Home.swift; sourceTree = "<group>"; };
		0177BF8E254B538C008492AB /* HomeKit.framework */ = {isa = PBXFileReference; lastKnownFileType = wrapper.framework; name = HomeKit.framework; path = Platforms/iPhoneOS.platform/Developer/SDKs/iPhoneOS14.2.sdk/System/Library/Frameworks/HomeKit.framework; sourceTree = DEVELOPER_DIR; };
		0177BF92254B60B3008492AB /* HelperManager.swift */ = {isa = PBXFileReference; lastKnownFileType = sourcecode.swift; path = HelperManager.swift; sourceTree = "<group>"; };
		0199341C255ED98C002FC872 /* IconSelectionView.swift */ = {isa = PBXFileReference; lastKnownFileType = sourcecode.swift; path = IconSelectionView.swift; sourceTree = "<group>"; };
		01AA288E257C5B74003A3B08 /* SceneConfigurationView.swift */ = {isa = PBXFileReference; lastKnownFileType = sourcecode.swift; path = SceneConfigurationView.swift; sourceTree = "<group>"; };
		01AA28BC257C6623003A3B08 /* en */ = {isa = PBXFileReference; lastKnownFileType = text.plist.strings; name = en; path = en.lproj/Localizable.strings; sourceTree = "<group>"; };
		01AA28E2257C80CD003A3B08 /* en */ = {isa = PBXFileReference; lastKnownFileType = text.plist.strings; name = en; path = en.lproj/InfoPlist.strings; sourceTree = "<group>"; };
		01AA28EA257C817B003A3B08 /* nl */ = {isa = PBXFileReference; lastKnownFileType = text.plist.strings; name = nl; path = nl.lproj/Localizable.strings; sourceTree = "<group>"; };
		01AA28ED257C81D5003A3B08 /* de */ = {isa = PBXFileReference; lastKnownFileType = text.plist.strings; name = de; path = de.lproj/Localizable.strings; sourceTree = "<group>"; };
		01AA28EE257C81D6003A3B08 /* es */ = {isa = PBXFileReference; lastKnownFileType = text.plist.strings; name = es; path = es.lproj/Localizable.strings; sourceTree = "<group>"; };
		01AA28EF257C81DD003A3B08 /* nl */ = {isa = PBXFileReference; lastKnownFileType = text.plist.strings; name = nl; path = nl.lproj/InfoPlist.strings; sourceTree = "<group>"; };
		01AA28F0257C81E7003A3B08 /* de */ = {isa = PBXFileReference; lastKnownFileType = text.plist.strings; name = de; path = de.lproj/InfoPlist.strings; sourceTree = "<group>"; };
		01AA28F1257C81E8003A3B08 /* es */ = {isa = PBXFileReference; lastKnownFileType = text.plist.strings; name = es; path = es.lproj/InfoPlist.strings; sourceTree = "<group>"; };
		01AE3CF22731C24300DD6569 /* ScenecutsWidgetExtension.appex */ = {isa = PBXFileReference; explicitFileType = "wrapper.app-extension"; includeInIndex = 0; path = ScenecutsWidgetExtension.appex; sourceTree = BUILT_PRODUCTS_DIR; };
		01AE3CF62731C24300DD6569 /* WidgetBundle.swift */ = {isa = PBXFileReference; lastKnownFileType = sourcecode.swift; path = WidgetBundle.swift; sourceTree = "<group>"; };
		01AE3CF82731C24300DD6569 /* ScenecutsWidget.intentdefinition */ = {isa = PBXFileReference; lastKnownFileType = file.intentdefinition; path = ScenecutsWidget.intentdefinition; sourceTree = "<group>"; };
		01AE3CF92731C24300DD6569 /* Assets.xcassets */ = {isa = PBXFileReference; lastKnownFileType = folder.assetcatalog; path = Assets.xcassets; sourceTree = "<group>"; };
		01AE3CFB2731C24300DD6569 /* Info.plist */ = {isa = PBXFileReference; lastKnownFileType = text.plist.xml; path = Info.plist; sourceTree = "<group>"; };
		01AE3CFC2731C24300DD6569 /* ScenecutsWidget.entitlements */ = {isa = PBXFileReference; lastKnownFileType = text.plist.entitlements; path = ScenecutsWidget.entitlements; sourceTree = "<group>"; };
		01C6BCED2731D68A00DA7C00 /* Intents.framework */ = {isa = PBXFileReference; lastKnownFileType = wrapper.framework; name = Intents.framework; path = System/Library/Frameworks/Intents.framework; sourceTree = SDKROOT; };
		01C6BD2F2731EBEF00DA7C00 /* IntentsUI.framework */ = {isa = PBXFileReference; lastKnownFileType = wrapper.framework; name = IntentsUI.framework; path = System/Library/Frameworks/IntentsUI.framework; sourceTree = SDKROOT; };
		01C6BD5D2732BC3C00DA7C00 /* WidgetInfo.swift */ = {isa = PBXFileReference; lastKnownFileType = sourcecode.swift; path = WidgetInfo.swift; sourceTree = "<group>"; };
		01DA5BAA27344FE10034F959 /* SceneTriggerHandler.appex */ = {isa = PBXFileReference; explicitFileType = "wrapper.app-extension"; includeInIndex = 0; path = SceneTriggerHandler.appex; sourceTree = BUILT_PRODUCTS_DIR; };
		01DA5BAD27344FE10034F959 /* HomeKitIntentHandler.swift */ = {isa = PBXFileReference; lastKnownFileType = sourcecode.swift; path = HomeKitIntentHandler.swift; sourceTree = "<group>"; };
		01DA5BAF27344FE10034F959 /* Info.plist */ = {isa = PBXFileReference; lastKnownFileType = text.plist.xml; path = Info.plist; sourceTree = "<group>"; };
		01DA5BB327344FE10034F959 /* SceneTriggerHandler.entitlements */ = {isa = PBXFileReference; lastKnownFileType = text.plist.entitlements; path = SceneTriggerHandler.entitlements; sourceTree = "<group>"; };
		01DEC0D82572C9140044C6D5 /* AdvancedSettingsView.swift */ = {isa = PBXFileReference; lastKnownFileType = sourcecode.swift; path = AdvancedSettingsView.swift; sourceTree = "<group>"; };
		01DEC0DC2572CFB70044C6D5 /* UserDefaults+Preferences.swift */ = {isa = PBXFileReference; lastKnownFileType = sourcecode.swift; path = "UserDefaults+Preferences.swift"; sourceTree = "<group>"; };
		01F875A125520F32003A362A /* WidgetKit.framework */ = {isa = PBXFileReference; lastKnownFileType = wrapper.framework; name = WidgetKit.framework; path = System/Library/Frameworks/WidgetKit.framework; sourceTree = SDKROOT; };
		01F875A325520F32003A362A /* SwiftUI.framework */ = {isa = PBXFileReference; lastKnownFileType = wrapper.framework; name = SwiftUI.framework; path = System/Library/Frameworks/SwiftUI.framework; sourceTree = SDKROOT; };
		C1CF32B926BBEDF7006218A4 /* pl */ = {isa = PBXFileReference; lastKnownFileType = text.plist.strings; name = pl; path = pl.lproj/Localizable.strings; sourceTree = "<group>"; };
		C1CF32BA26BBEDF7006218A4 /* pl */ = {isa = PBXFileReference; lastKnownFileType = text.plist.strings; name = pl; path = pl.lproj/InfoPlist.strings; sourceTree = "<group>"; };
		E9443CE42AF5668B00E0280E /* WindowPosition.swift */ = {isa = PBXFileReference; lastKnownFileType = sourcecode.swift; path = WindowPosition.swift; sourceTree = "<group>"; };
		E94DAB782AF55BD600FC60B5 /* ScenePillView.swift */ = {isa = PBXFileReference; lastKnownFileType = sourcecode.swift; path = ScenePillView.swift; sourceTree = "<group>"; };
		E9C00BD32AF6811E009054B2 /* SceneTableSettingsView.swift */ = {isa = PBXFileReference; lastKnownFileType = sourcecode.swift; path = SceneTableSettingsView.swift; sourceTree = "<group>"; };
/* End PBXFileReference section */

/* Begin PBXFrameworksBuildPhase section */
		0104AC80254E0F33004124CD /* Frameworks */ = {
			isa = PBXFrameworksBuildPhase;
			buildActionMask = 2147483647;
			files = (
			);
			runOnlyForDeploymentPostprocessing = 0;
		};
		013D3A07254AFADF0057F24A /* Frameworks */ = {
			isa = PBXFrameworksBuildPhase;
			buildActionMask = 2147483647;
			files = (
				E90789FF2AE88D810025F6B4 /* LaunchAtLogin in Frameworks */,
				019D948D255F0A0E00A3D48A /* SFSafeSymbols in Frameworks */,
				0177BE83254B1B42008492AB /* KeyboardShortcuts in Frameworks */,
			);
			runOnlyForDeploymentPostprocessing = 0;
		};
		0177BF07254B4293008492AB /* Frameworks */ = {
			isa = PBXFrameworksBuildPhase;
			buildActionMask = 2147483647;
			files = (
				0177BF8F254B538C008492AB /* HomeKit.framework in Frameworks */,
			);
			runOnlyForDeploymentPostprocessing = 0;
		};
		01AE3CEF2731C24300DD6569 /* Frameworks */ = {
			isa = PBXFrameworksBuildPhase;
			buildActionMask = 2147483647;
			files = (
				01AE3CF42731C24300DD6569 /* SwiftUI.framework in Frameworks */,
				01AE3CF32731C24300DD6569 /* WidgetKit.framework in Frameworks */,
			);
			runOnlyForDeploymentPostprocessing = 0;
		};
		01DA5BA727344FE10034F959 /* Frameworks */ = {
			isa = PBXFrameworksBuildPhase;
			buildActionMask = 2147483647;
			files = (
				01DA5BAB27344FE10034F959 /* Intents.framework in Frameworks */,
			);
			runOnlyForDeploymentPostprocessing = 0;
		};
/* End PBXFrameworksBuildPhase section */

/* Begin PBXGroup section */
		0104AC84254E0F33004124CD /* AppKitIntegration */ = {
			isa = PBXGroup;
			children = (
				0104AC85254E0F33004124CD /* AppKitIntegration.h */,
				0104AC93254E0F54004124CD /* AppKitController.swift */,
				0104AC86254E0F33004124CD /* Info.plist */,
			);
			path = AppKitIntegration;
			sourceTree = "<group>";
		};
		010B32652551CF4900F2F228 /* Models */ = {
			isa = PBXGroup;
			children = (
				010B32662551CF5300F2F228 /* SceneStatusBarItem.swift */,
			);
			path = Models;
			sourceTree = "<group>";
		};
		0119DF272561AE0E00FF7A01 /* IconSelectionView */ = {
			isa = PBXGroup;
			children = (
				0199341C255ED98C002FC872 /* IconSelectionView.swift */,
				0119DF292561AE0E00FF7A01 /* IconButton.swift */,
			);
			path = IconSelectionView;
			sourceTree = "<group>";
		};
		013A8362255212DA00AEC58A /* Products */ = {
			isa = PBXGroup;
			children = (
				0104AC92254E0F48004124CD /* Scenecuts.app */,
				0104AC83254E0F33004124CD /* AppKitIntegration.framework */,
				0104AC8C254E0F33004124CD /* Scenecuts.app */,
				01AE3CF22731C24300DD6569 /* ScenecutsWidgetExtension.appex */,
				01DA5BAA27344FE10034F959 /* SceneTriggerHandler.appex */,
			);
			name = Products;
			path = AppKitIntegration;
			sourceTree = "<group>";
		};
		013D3A01254AFADF0057F24A = {
			isa = PBXGroup;
			children = (
				0155941A254F0D0600468BA5 /* Shared */,
				013D3A0C254AFADF0057F24A /* Scenecuts */,
				0177BF0B254B4293008492AB /* ScenecutsHelper */,
				0104AC84254E0F33004124CD /* AppKitIntegration */,
				01AE3CF52731C24300DD6569 /* Widget */,
				01DA5BAC27344FE10034F959 /* SceneTriggerHandler */,
				013A8362255212DA00AEC58A /* Products */,
				0177BF3A254B4671008492AB /* Frameworks */,
			);
			sourceTree = "<group>";
		};
		013D3A0C254AFADF0057F24A /* Scenecuts */ = {
			isa = PBXGroup;
			children = (
				013D3A0D254AFADF0057F24A /* ScenecutsApp.swift */,
				E9443CE42AF5668B00E0280E /* WindowPosition.swift */,
				013D3A1E254AFB320057F24A /* StatusBarController.swift */,
				0177BF92254B60B3008492AB /* HelperManager.swift */,
				E94DAB782AF55BD600FC60B5 /* ScenePillView.swift */,
				0177BE7E254B0B97008492AB /* Settings */,
				010B32652551CF4900F2F228 /* Models */,
				01DEC0DC2572CFB70044C6D5 /* UserDefaults+Preferences.swift */,
				01AA28BD257C6623003A3B08 /* Localizable.strings */,
				013D3A11254AFADF0057F24A /* Assets.xcassets */,
				013D3A16254AFADF0057F24A /* Info.plist */,
				013D3A17254AFADF0057F24A /* Scenecuts.entitlements */,
				013D3A13254AFADF0057F24A /* Preview Content */,
			);
			path = Scenecuts;
			sourceTree = "<group>";
		};
		013D3A13254AFADF0057F24A /* Preview Content */ = {
			isa = PBXGroup;
			children = (
				013D3A14254AFADF0057F24A /* Preview Assets.xcassets */,
			);
			path = "Preview Content";
			sourceTree = "<group>";
		};
		0143F110254F858D0009B432 /* Models */ = {
			isa = PBXGroup;
			children = (
				01426017254DB15300821E69 /* ActionSet.swift */,
				01C6BD5D2732BC3C00DA7C00 /* WidgetInfo.swift */,
			);
			path = Models;
			sourceTree = "<group>";
		};
		0155941A254F0D0600468BA5 /* Shared */ = {
			isa = PBXGroup;
			children = (
				0143F110254F858D0009B432 /* Models */,
				0155941B254F0D1500468BA5 /* Notification+Extensions.swift */,
			);
			path = Shared;
			sourceTree = "<group>";
		};
		0177BE7E254B0B97008492AB /* Settings */ = {
			isa = PBXGroup;
			children = (
				013D3A9F254B059C0057F24A /* SettingsView.swift */,
				013D3AA2254B05B60057F24A /* GeneralSettingsView.swift */,
				01AA288D257C5B52003A3B08 /* SceneSettings */,
				01DEC0D82572C9140044C6D5 /* AdvancedSettingsView.swift */,
				0119DF272561AE0E00FF7A01 /* IconSelectionView */,
			);
			path = Settings;
			sourceTree = "<group>";
		};
		0177BF0B254B4293008492AB /* ScenecutsHelper */ = {
			isa = PBXGroup;
			children = (
				0177BF1B254B42A3008492AB /* ScenecutsHelper.entitlements */,
				0177BF0C254B4293008492AB /* ScenecutsHelperApp.swift */,
				0177BF8A254B4F3D008492AB /* Home.swift */,
				0113689D273589F7005326FA /* RequestReviewManager.swift */,
				0177BF10254B4294008492AB /* Assets.xcassets */,
				0177BF15254B4294008492AB /* Info.plist */,
				01AA28E3257C80CD003A3B08 /* InfoPlist.strings */,
				0177BF12254B4294008492AB /* Preview Content */,
			);
			path = ScenecutsHelper;
			sourceTree = "<group>";
		};
		0177BF12254B4294008492AB /* Preview Content */ = {
			isa = PBXGroup;
			children = (
				0177BF13254B4294008492AB /* Preview Assets.xcassets */,
			);
			path = "Preview Content";
			sourceTree = "<group>";
		};
		0177BF3A254B4671008492AB /* Frameworks */ = {
			isa = PBXGroup;
			children = (
				0177BF8E254B538C008492AB /* HomeKit.framework */,
				01F875A125520F32003A362A /* WidgetKit.framework */,
				01F875A325520F32003A362A /* SwiftUI.framework */,
				01C6BCED2731D68A00DA7C00 /* Intents.framework */,
				01C6BD2F2731EBEF00DA7C00 /* IntentsUI.framework */,
			);
			name = Frameworks;
			sourceTree = "<group>";
		};
		01AA288D257C5B52003A3B08 /* SceneSettings */ = {
			isa = PBXGroup;
			children = (
				0177BE85254B1B52008492AB /* SceneSettingsView.swift */,
				E9C00BD32AF6811E009054B2 /* SceneTableSettingsView.swift */,
				01AA288E257C5B74003A3B08 /* SceneConfigurationView.swift */,
			);
			path = SceneSettings;
			sourceTree = "<group>";
		};
		01AE3CF52731C24300DD6569 /* Widget */ = {
			isa = PBXGroup;
			children = (
				01AE3CF62731C24300DD6569 /* WidgetBundle.swift */,
				01AE3CF82731C24300DD6569 /* ScenecutsWidget.intentdefinition */,
				01AE3CF92731C24300DD6569 /* Assets.xcassets */,
				01AE3CFB2731C24300DD6569 /* Info.plist */,
				01AE3CFC2731C24300DD6569 /* ScenecutsWidget.entitlements */,
			);
			path = Widget;
			sourceTree = "<group>";
		};
		01DA5BAC27344FE10034F959 /* SceneTriggerHandler */ = {
			isa = PBXGroup;
			children = (
				01DA5BB327344FE10034F959 /* SceneTriggerHandler.entitlements */,
				01DA5BAD27344FE10034F959 /* HomeKitIntentHandler.swift */,
				01DA5BAF27344FE10034F959 /* Info.plist */,
			);
			path = SceneTriggerHandler;
			sourceTree = "<group>";
		};
/* End PBXGroup section */

/* Begin PBXHeadersBuildPhase section */
		0104AC7E254E0F33004124CD /* Headers */ = {
			isa = PBXHeadersBuildPhase;
			buildActionMask = 2147483647;
			files = (
				0104AC87254E0F33004124CD /* AppKitIntegration.h in Headers */,
			);
			runOnlyForDeploymentPostprocessing = 0;
		};
/* End PBXHeadersBuildPhase section */

/* Begin PBXNativeTarget section */
		0104AC82254E0F33004124CD /* AppKitIntegration */ = {
			isa = PBXNativeTarget;
			buildConfigurationList = 0104AC8D254E0F33004124CD /* Build configuration list for PBXNativeTarget "AppKitIntegration" */;
			buildPhases = (
				0104AC7E254E0F33004124CD /* Headers */,
				0104AC7F254E0F33004124CD /* Sources */,
				0104AC80254E0F33004124CD /* Frameworks */,
				0104AC81254E0F33004124CD /* Resources */,
			);
			buildRules = (
			);
			dependencies = (
			);
			name = AppKitIntegration;
			packageProductDependencies = (
			);
			productName = AppKitIntegration;
			productReference = 0104AC83254E0F33004124CD /* AppKitIntegration.framework */;
			productType = "com.apple.product-type.framework";
		};
		013D3A09254AFADF0057F24A /* Scenecuts */ = {
			isa = PBXNativeTarget;
			buildConfigurationList = 013D3A1A254AFADF0057F24A /* Build configuration list for PBXNativeTarget "Scenecuts" */;
			buildPhases = (
				013D3A06254AFADF0057F24A /* Sources */,
				013D3A07254AFADF0057F24A /* Frameworks */,
				013D3A08254AFADF0057F24A /* Resources */,
				0177BF24254B43CF008492AB /* ShellScript */,
			);
			buildRules = (
			);
			dependencies = (
			);
			name = Scenecuts;
			packageProductDependencies = (
				0177BE82254B1B42008492AB /* KeyboardShortcuts */,
				019D948C255F0A0E00A3D48A /* SFSafeSymbols */,
				E90789FE2AE88D810025F6B4 /* LaunchAtLogin */,
			);
			productName = Scenecuts;
			productReference = 0104AC8C254E0F33004124CD /* Scenecuts.app */;
			productType = "com.apple.product-type.application";
		};
		0177BF09254B4293008492AB /* Scenecuts Helper */ = {
			isa = PBXNativeTarget;
			buildConfigurationList = 0177BF18254B4294008492AB /* Build configuration list for PBXNativeTarget "Scenecuts Helper" */;
			buildPhases = (
				0177BF07254B4293008492AB /* Frameworks */,
				0177BF06254B4293008492AB /* Sources */,
				0177BF08254B4293008492AB /* Resources */,
				0104ACA6254E1002004124CD /* Copy Files */,
				01E3C71625603D9F00CF2ED8 /* Embed Helper App */,
				017DE6EA2564CDDB0075CDEB /* ShellScript */,
			);
			buildRules = (
			);
			dependencies = (
				014CCCEE256182040005FE49 /* PBXTargetDependency */,
				0104AC9A254E0F6C004124CD /* PBXTargetDependency */,
				01DA5BA527344EEA0034F959 /* PBXTargetDependency */,
				016FB61F27349BEF003883F8 /* PBXTargetDependency */,
			);
			name = "Scenecuts Helper";
			packageProductDependencies = (
			);
			productName = ScenecutsHelper;
			productReference = 0104AC92254E0F48004124CD /* Scenecuts.app */;
			productType = "com.apple.product-type.application";
		};
		01AE3CF12731C24300DD6569 /* ScenecutsWidgetExtension */ = {
			isa = PBXNativeTarget;
			buildConfigurationList = 01AE3D052731C24300DD6569 /* Build configuration list for PBXNativeTarget "ScenecutsWidgetExtension" */;
			buildPhases = (
				01AE3CEE2731C24300DD6569 /* Sources */,
				01AE3CEF2731C24300DD6569 /* Frameworks */,
				01AE3CF02731C24300DD6569 /* Resources */,
			);
			buildRules = (
			);
			dependencies = (
			);
			name = ScenecutsWidgetExtension;
			productName = ScenecutsWidgetExtension;
			productReference = 01AE3CF22731C24300DD6569 /* ScenecutsWidgetExtension.appex */;
			productType = "com.apple.product-type.app-extension";
		};
		01DA5BA927344FE10034F959 /* SceneTriggerHandler */ = {
			isa = PBXNativeTarget;
			buildConfigurationList = 01DA5BB427344FE10034F959 /* Build configuration list for PBXNativeTarget "SceneTriggerHandler" */;
			buildPhases = (
				01DA5BA627344FE10034F959 /* Sources */,
				01DA5BA727344FE10034F959 /* Frameworks */,
				01DA5BA827344FE10034F959 /* Resources */,
			);
			buildRules = (
			);
			dependencies = (
			);
			name = SceneTriggerHandler;
			productName = SceneTriggerHandler;
			productReference = 01DA5BAA27344FE10034F959 /* SceneTriggerHandler.appex */;
			productType = "com.apple.product-type.app-extension";
		};
/* End PBXNativeTarget section */

/* Begin PBXProject section */
		013D3A02254AFADF0057F24A /* Project object */ = {
			isa = PBXProject;
			attributes = {
				LastSwiftUpdateCheck = 1310;
				LastUpgradeCheck = 1220;
				TargetAttributes = {
					0104AC82254E0F33004124CD = {
						CreatedOnToolsVersion = 12.2;
						LastSwiftMigration = 1220;
					};
					013D3A09254AFADF0057F24A = {
						CreatedOnToolsVersion = 12.2;
					};
					0177BF09254B4293008492AB = {
						CreatedOnToolsVersion = 12.2;
					};
					01AE3CF12731C24300DD6569 = {
						CreatedOnToolsVersion = 13.1;
					};
					01DA5BA927344FE10034F959 = {
						CreatedOnToolsVersion = 13.1;
					};
				};
			};
			buildConfigurationList = 013D3A05254AFADF0057F24A /* Build configuration list for PBXProject "Scenecuts" */;
			compatibilityVersion = "Xcode 15.0";
			developmentRegion = en;
			hasScannedForEncodings = 0;
			knownRegions = (
				en,
				Base,
				nl,
				es,
				de,
				pl,
			);
			mainGroup = 013D3A01254AFADF0057F24A;
			packageReferences = (
				0177BE81254B1B42008492AB /* XCRemoteSwiftPackageReference "KeyboardShortcuts" */,
				019D948B255F0A0E00A3D48A /* XCRemoteSwiftPackageReference "SFSafeSymbols" */,
				E90789FD2AE88D810025F6B4 /* XCRemoteSwiftPackageReference "LaunchAtLogin-Modern" */,
			);
			productRefGroup = 013A8362255212DA00AEC58A /* Products */;
			projectDirPath = "";
			projectRoot = "";
			targets = (
				013D3A09254AFADF0057F24A /* Scenecuts */,
				0177BF09254B4293008492AB /* Scenecuts Helper */,
				0104AC82254E0F33004124CD /* AppKitIntegration */,
				01AE3CF12731C24300DD6569 /* ScenecutsWidgetExtension */,
				01DA5BA927344FE10034F959 /* SceneTriggerHandler */,
			);
		};
/* End PBXProject section */

/* Begin PBXResourcesBuildPhase section */
		0104AC81254E0F33004124CD /* Resources */ = {
			isa = PBXResourcesBuildPhase;
			buildActionMask = 2147483647;
			files = (
				01AA28DA257C802A003A3B08 /* Localizable.strings in Resources */,
				01AA28E1257C80CD003A3B08 /* InfoPlist.strings in Resources */,
			);
			runOnlyForDeploymentPostprocessing = 0;
		};
		013D3A08254AFADF0057F24A /* Resources */ = {
			isa = PBXResourcesBuildPhase;
			buildActionMask = 2147483647;
			files = (
				013D3A15254AFADF0057F24A /* Preview Assets.xcassets in Resources */,
				01AA28BB257C6623003A3B08 /* Localizable.strings in Resources */,
				013D3A12254AFADF0057F24A /* Assets.xcassets in Resources */,
			);
			runOnlyForDeploymentPostprocessing = 0;
		};
		0177BF08254B4293008492AB /* Resources */ = {
			isa = PBXResourcesBuildPhase;
			buildActionMask = 2147483647;
			files = (
				0177BF14254B4294008492AB /* Preview Assets.xcassets in Resources */,
				0177BF11254B4294008492AB /* Assets.xcassets in Resources */,
			);
			runOnlyForDeploymentPostprocessing = 0;
		};
		01AE3CF02731C24300DD6569 /* Resources */ = {
			isa = PBXResourcesBuildPhase;
			buildActionMask = 2147483647;
			files = (
				01AE3D072731C43300DD6569 /* Assets.xcassets in Resources */,
			);
			runOnlyForDeploymentPostprocessing = 0;
		};
		01DA5BA827344FE10034F959 /* Resources */ = {
			isa = PBXResourcesBuildPhase;
			buildActionMask = 2147483647;
			files = (
			);
			runOnlyForDeploymentPostprocessing = 0;
		};
/* End PBXResourcesBuildPhase section */

/* Begin PBXShellScriptBuildPhase section */
		0177BF24254B43CF008492AB /* ShellScript */ = {
			isa = PBXShellScriptBuildPhase;
			alwaysOutOfDate = 1;
			buildActionMask = 12;
			files = (
			);
			inputFileListPaths = (
			);
			inputPaths = (
			);
			outputFileListPaths = (
			);
			outputPaths = (
			);
			runOnlyForDeploymentPostprocessing = 0;
			shellPath = /bin/sh;
			shellScript = "#\"$SRCROOT\"/buildPhase.sh\n";
		};
		017DE6EA2564CDDB0075CDEB /* ShellScript */ = {
			isa = PBXShellScriptBuildPhase;
			alwaysOutOfDate = 1;
			buildActionMask = 2147483647;
			files = (
			);
			inputFileListPaths = (
			);
			inputPaths = (
			);
			outputFileListPaths = (
			);
			outputPaths = (
			);
			runOnlyForDeploymentPostprocessing = 0;
			shellPath = /bin/sh;
			shellScript = "#\"$PROJECT_DIR/killScenecuts.sh\"\n";
			showEnvVarsInLog = 0;
		};
/* End PBXShellScriptBuildPhase section */

/* Begin PBXSourcesBuildPhase section */
		0104AC7F254E0F33004124CD /* Sources */ = {
			isa = PBXSourcesBuildPhase;
			buildActionMask = 2147483647;
			files = (
				0155941F254F0D8300468BA5 /* Notification+Extensions.swift in Sources */,
				0104AC94254E0F54004124CD /* AppKitController.swift in Sources */,
			);
			runOnlyForDeploymentPostprocessing = 0;
		};
		013D3A06254AFADF0057F24A /* Sources */ = {
			isa = PBXSourcesBuildPhase;
			buildActionMask = 2147483647;
			files = (
				0199341D255ED98C002FC872 /* IconSelectionView.swift in Sources */,
				013D3AA0254B059C0057F24A /* SettingsView.swift in Sources */,
				01AA288F257C5B74003A3B08 /* SceneConfigurationView.swift in Sources */,
				E9C00BD42AF6811E009054B2 /* SceneTableSettingsView.swift in Sources */,
				013D3A0E254AFADF0057F24A /* ScenecutsApp.swift in Sources */,
				E9443CE52AF5668B00E0280E /* WindowPosition.swift in Sources */,
				01DEC0DD2572CFB70044C6D5 /* UserDefaults+Preferences.swift in Sources */,
				015BA337257C3C0700FA20A6 /* ActionSet.swift in Sources */,
				0155941C254F0D1500468BA5 /* Notification+Extensions.swift in Sources */,
				013D3A1F254AFB320057F24A /* StatusBarController.swift in Sources */,
				E94DAB792AF55BD600FC60B5 /* ScenePillView.swift in Sources */,
				0177BF93254B60B3008492AB /* HelperManager.swift in Sources */,
				01DEC0D92572C9140044C6D5 /* AdvancedSettingsView.swift in Sources */,
				0177BE86254B1B52008492AB /* SceneSettingsView.swift in Sources */,
				010B32672551CF5300F2F228 /* SceneStatusBarItem.swift in Sources */,
				01C6BD5F2732BCA800DA7C00 /* WidgetInfo.swift in Sources */,
				013D3AA3254B05B60057F24A /* GeneralSettingsView.swift in Sources */,
				0119DF2A2561AE0E00FF7A01 /* IconButton.swift in Sources */,
			);
			runOnlyForDeploymentPostprocessing = 0;
		};
		0177BF06254B4293008492AB /* Sources */ = {
			isa = PBXSourcesBuildPhase;
			buildActionMask = 2147483647;
			files = (
				01426019254DB15300821E69 /* ActionSet.swift in Sources */,
				0113689F27358AB0005326FA /* RequestReviewManager.swift in Sources */,
				01559421254F0EAC00468BA5 /* Notification+Extensions.swift in Sources */,
				0177BF8B254B4F3D008492AB /* Home.swift in Sources */,
				010245AF273458850085CFDC /* ScenecutsWidget.intentdefinition in Sources */,
				0177BF0D254B4293008492AB /* ScenecutsHelperApp.swift in Sources */,
			);
			runOnlyForDeploymentPostprocessing = 0;
		};
		01AE3CEE2731C24300DD6569 /* Sources */ = {
			isa = PBXSourcesBuildPhase;
			buildActionMask = 2147483647;
			files = (
				01AE3CFD2731C24300DD6569 /* ScenecutsWidget.intentdefinition in Sources */,
				01C6BCE72731C62900DA7C00 /* Notification+Extensions.swift in Sources */,
				01C6BD602732BCAA00DA7C00 /* WidgetInfo.swift in Sources */,
				01DA5BBA27344FFB0034F959 /* HomeKitIntentHandler.swift in Sources */,
				01AE3CF72731C24300DD6569 /* WidgetBundle.swift in Sources */,
			);
			runOnlyForDeploymentPostprocessing = 0;
		};
		01DA5BA627344FE10034F959 /* Sources */ = {
			isa = PBXSourcesBuildPhase;
			buildActionMask = 2147483647;
			files = (
				01DA5BBD273451720034F959 /* ScenecutsWidget.intentdefinition in Sources */,
				01DA5BAE27344FE10034F959 /* HomeKitIntentHandler.swift in Sources */,
				01DA5BBC273450F00034F959 /* Notification+Extensions.swift in Sources */,
				01DA5BBB273450E80034F959 /* WidgetInfo.swift in Sources */,
			);
			runOnlyForDeploymentPostprocessing = 0;
		};
/* End PBXSourcesBuildPhase section */

/* Begin PBXTargetDependency section */
		0104AC9A254E0F6C004124CD /* PBXTargetDependency */ = {
			isa = PBXTargetDependency;
			platformFilter = maccatalyst;
			target = 0104AC82254E0F33004124CD /* AppKitIntegration */;
			targetProxy = 0104AC99254E0F6C004124CD /* PBXContainerItemProxy */;
		};
		014CCCEE256182040005FE49 /* PBXTargetDependency */ = {
			isa = PBXTargetDependency;
			platformFilter = maccatalyst;
			target = 013D3A09254AFADF0057F24A /* Scenecuts */;
			targetProxy = 014CCCED256182040005FE49 /* PBXContainerItemProxy */;
		};
		016FB61F27349BEF003883F8 /* PBXTargetDependency */ = {
			isa = PBXTargetDependency;
			target = 01DA5BA927344FE10034F959 /* SceneTriggerHandler */;
			targetProxy = 016FB61E27349BEF003883F8 /* PBXContainerItemProxy */;
		};
		01DA5BA527344EEA0034F959 /* PBXTargetDependency */ = {
			isa = PBXTargetDependency;
			target = 01AE3CF12731C24300DD6569 /* ScenecutsWidgetExtension */;
			targetProxy = 01DA5BA427344EEA0034F959 /* PBXContainerItemProxy */;
		};
/* End PBXTargetDependency section */

/* Begin PBXVariantGroup section */
		01AA28BD257C6623003A3B08 /* Localizable.strings */ = {
			isa = PBXVariantGroup;
			children = (
				01AA28BC257C6623003A3B08 /* en */,
				01AA28EA257C817B003A3B08 /* nl */,
				01AA28ED257C81D5003A3B08 /* de */,
				01AA28EE257C81D6003A3B08 /* es */,
				C1CF32B926BBEDF7006218A4 /* pl */,
			);
			name = Localizable.strings;
			path = Localization;
			sourceTree = SOURCE_ROOT;
		};
		01AA28E3257C80CD003A3B08 /* InfoPlist.strings */ = {
			isa = PBXVariantGroup;
			children = (
				01AA28E2257C80CD003A3B08 /* en */,
				01AA28EF257C81DD003A3B08 /* nl */,
				01AA28F0257C81E7003A3B08 /* de */,
				01AA28F1257C81E8003A3B08 /* es */,
				C1CF32BA26BBEDF7006218A4 /* pl */,
			);
			name = InfoPlist.strings;
			path = Localization;
			sourceTree = SOURCE_ROOT;
		};
/* End PBXVariantGroup section */

/* Begin XCBuildConfiguration section */
		0104AC8E254E0F33004124CD /* Debug */ = {
			isa = XCBuildConfiguration;
			buildSettings = {
				CLANG_ENABLE_MODULES = YES;
				CODE_SIGN_IDENTITY = "Apple Development";
				CODE_SIGN_STYLE = Automatic;
				COMBINE_HIDPI_IMAGES = YES;
				CURRENT_PROJECT_VERSION = 2022.6.16;
				DEFINES_MODULE = YES;
				DEVELOPMENT_TEAM = Z9QV6PA2TY;
				DYLIB_COMPATIBILITY_VERSION = 1;
				DYLIB_CURRENT_VERSION = 1;
				DYLIB_INSTALL_NAME_BASE = "@rpath";
				ENABLE_HARDENED_RUNTIME = YES;
				INFOPLIST_FILE = AppKitIntegration/Info.plist;
				INSTALL_PATH = "$(LOCAL_LIBRARY_DIR)/Frameworks";
				LD_RUNPATH_SEARCH_PATHS = (
					"$(inherited)",
					"@executable_path/../Frameworks",
					"@loader_path/Frameworks",
				);
				MACOSX_DEPLOYMENT_TARGET = 11.0;
				MARKETING_VERSION = 2022.1;
				PRODUCT_BUNDLE_IDENTIFIER = com.nick.AppKitIntegration;
				PRODUCT_NAME = "$(TARGET_NAME:c99extidentifier)";
				PROVISIONING_PROFILE_SPECIFIER = "";
				SKIP_INSTALL = YES;
				SWIFT_OPTIMIZATION_LEVEL = "-Onone";
				SWIFT_VERSION = 5.0;
				VERSIONING_SYSTEM = "apple-generic";
				VERSION_INFO_PREFIX = "";
			};
			name = Debug;
		};
		0104AC8F254E0F33004124CD /* Release */ = {
			isa = XCBuildConfiguration;
			buildSettings = {
				CLANG_ENABLE_MODULES = YES;
				CODE_SIGN_IDENTITY = "Apple Development";
				CODE_SIGN_STYLE = Automatic;
				COMBINE_HIDPI_IMAGES = YES;
				CURRENT_PROJECT_VERSION = 2022.6.16;
				DEFINES_MODULE = YES;
				DEVELOPMENT_TEAM = Z9QV6PA2TY;
				DYLIB_COMPATIBILITY_VERSION = 1;
				DYLIB_CURRENT_VERSION = 1;
				DYLIB_INSTALL_NAME_BASE = "@rpath";
				ENABLE_HARDENED_RUNTIME = YES;
				INFOPLIST_FILE = AppKitIntegration/Info.plist;
				INSTALL_PATH = "$(LOCAL_LIBRARY_DIR)/Frameworks";
				LD_RUNPATH_SEARCH_PATHS = (
					"$(inherited)",
					"@executable_path/../Frameworks",
					"@loader_path/Frameworks",
				);
				MACOSX_DEPLOYMENT_TARGET = 11.0;
				MARKETING_VERSION = 2022.1;
				PRODUCT_BUNDLE_IDENTIFIER = com.nick.AppKitIntegration;
				PRODUCT_NAME = "$(TARGET_NAME:c99extidentifier)";
				PROVISIONING_PROFILE_SPECIFIER = "";
				SKIP_INSTALL = YES;
				SWIFT_VERSION = 5.0;
				VERSIONING_SYSTEM = "apple-generic";
				VERSION_INFO_PREFIX = "";
			};
			name = Release;
		};
		013D3A18254AFADF0057F24A /* Debug */ = {
			isa = XCBuildConfiguration;
			buildSettings = {
				ALWAYS_SEARCH_USER_PATHS = NO;
				CLANG_ANALYZER_NONNULL = YES;
				CLANG_ANALYZER_NUMBER_OBJECT_CONVERSION = YES_AGGRESSIVE;
				CLANG_CXX_LANGUAGE_STANDARD = "gnu++14";
				CLANG_CXX_LIBRARY = "libc++";
				CLANG_ENABLE_MODULES = YES;
				CLANG_ENABLE_OBJC_ARC = YES;
				CLANG_ENABLE_OBJC_WEAK = YES;
				CLANG_WARN_BLOCK_CAPTURE_AUTORELEASING = YES;
				CLANG_WARN_BOOL_CONVERSION = YES;
				CLANG_WARN_COMMA = YES;
				CLANG_WARN_CONSTANT_CONVERSION = YES;
				CLANG_WARN_DEPRECATED_OBJC_IMPLEMENTATIONS = YES;
				CLANG_WARN_DIRECT_OBJC_ISA_USAGE = YES_ERROR;
				CLANG_WARN_DOCUMENTATION_COMMENTS = YES;
				CLANG_WARN_EMPTY_BODY = YES;
				CLANG_WARN_ENUM_CONVERSION = YES;
				CLANG_WARN_INFINITE_RECURSION = YES;
				CLANG_WARN_INT_CONVERSION = YES;
				CLANG_WARN_NON_LITERAL_NULL_CONVERSION = YES;
				CLANG_WARN_OBJC_IMPLICIT_RETAIN_SELF = YES;
				CLANG_WARN_OBJC_LITERAL_CONVERSION = YES;
				CLANG_WARN_OBJC_ROOT_CLASS = YES_ERROR;
				CLANG_WARN_QUOTED_INCLUDE_IN_FRAMEWORK_HEADER = YES;
				CLANG_WARN_RANGE_LOOP_ANALYSIS = YES;
				CLANG_WARN_STRICT_PROTOTYPES = YES;
				CLANG_WARN_SUSPICIOUS_MOVE = YES;
				CLANG_WARN_UNGUARDED_AVAILABILITY = YES_AGGRESSIVE;
				CLANG_WARN_UNREACHABLE_CODE = YES;
				CLANG_WARN__DUPLICATE_METHOD_MATCH = YES;
				COPY_PHASE_STRIP = NO;
				DEBUG_INFORMATION_FORMAT = dwarf;
				ENABLE_STRICT_OBJC_MSGSEND = YES;
				ENABLE_TESTABILITY = YES;
				GCC_C_LANGUAGE_STANDARD = gnu11;
				GCC_DYNAMIC_NO_PIC = NO;
				GCC_NO_COMMON_BLOCKS = YES;
				GCC_OPTIMIZATION_LEVEL = 0;
				GCC_PREPROCESSOR_DEFINITIONS = (
					"DEBUG=1",
					"$(inherited)",
				);
				GCC_WARN_64_TO_32_BIT_CONVERSION = YES;
				GCC_WARN_ABOUT_RETURN_TYPE = YES_ERROR;
				GCC_WARN_UNDECLARED_SELECTOR = YES;
				GCC_WARN_UNINITIALIZED_AUTOS = YES_AGGRESSIVE;
				GCC_WARN_UNUSED_FUNCTION = YES;
				GCC_WARN_UNUSED_VARIABLE = YES;
				MACOSX_DEPLOYMENT_TARGET = 11.0;
				MTL_ENABLE_DEBUG_INFO = INCLUDE_SOURCE;
				MTL_FAST_MATH = YES;
				ONLY_ACTIVE_ARCH = YES;
				SDKROOT = macosx;
				SWIFT_ACTIVE_COMPILATION_CONDITIONS = DEBUG;
				SWIFT_OPTIMIZATION_LEVEL = "-Onone";
			};
			name = Debug;
		};
		013D3A19254AFADF0057F24A /* Release */ = {
			isa = XCBuildConfiguration;
			buildSettings = {
				ALWAYS_SEARCH_USER_PATHS = NO;
				CLANG_ANALYZER_NONNULL = YES;
				CLANG_ANALYZER_NUMBER_OBJECT_CONVERSION = YES_AGGRESSIVE;
				CLANG_CXX_LANGUAGE_STANDARD = "gnu++14";
				CLANG_CXX_LIBRARY = "libc++";
				CLANG_ENABLE_MODULES = YES;
				CLANG_ENABLE_OBJC_ARC = YES;
				CLANG_ENABLE_OBJC_WEAK = YES;
				CLANG_WARN_BLOCK_CAPTURE_AUTORELEASING = YES;
				CLANG_WARN_BOOL_CONVERSION = YES;
				CLANG_WARN_COMMA = YES;
				CLANG_WARN_CONSTANT_CONVERSION = YES;
				CLANG_WARN_DEPRECATED_OBJC_IMPLEMENTATIONS = YES;
				CLANG_WARN_DIRECT_OBJC_ISA_USAGE = YES_ERROR;
				CLANG_WARN_DOCUMENTATION_COMMENTS = YES;
				CLANG_WARN_EMPTY_BODY = YES;
				CLANG_WARN_ENUM_CONVERSION = YES;
				CLANG_WARN_INFINITE_RECURSION = YES;
				CLANG_WARN_INT_CONVERSION = YES;
				CLANG_WARN_NON_LITERAL_NULL_CONVERSION = YES;
				CLANG_WARN_OBJC_IMPLICIT_RETAIN_SELF = YES;
				CLANG_WARN_OBJC_LITERAL_CONVERSION = YES;
				CLANG_WARN_OBJC_ROOT_CLASS = YES_ERROR;
				CLANG_WARN_QUOTED_INCLUDE_IN_FRAMEWORK_HEADER = YES;
				CLANG_WARN_RANGE_LOOP_ANALYSIS = YES;
				CLANG_WARN_STRICT_PROTOTYPES = YES;
				CLANG_WARN_SUSPICIOUS_MOVE = YES;
				CLANG_WARN_UNGUARDED_AVAILABILITY = YES_AGGRESSIVE;
				CLANG_WARN_UNREACHABLE_CODE = YES;
				CLANG_WARN__DUPLICATE_METHOD_MATCH = YES;
				COPY_PHASE_STRIP = NO;
				DEBUG_INFORMATION_FORMAT = "dwarf-with-dsym";
				ENABLE_NS_ASSERTIONS = NO;
				ENABLE_STRICT_OBJC_MSGSEND = YES;
				GCC_C_LANGUAGE_STANDARD = gnu11;
				GCC_NO_COMMON_BLOCKS = YES;
				GCC_WARN_64_TO_32_BIT_CONVERSION = YES;
				GCC_WARN_ABOUT_RETURN_TYPE = YES_ERROR;
				GCC_WARN_UNDECLARED_SELECTOR = YES;
				GCC_WARN_UNINITIALIZED_AUTOS = YES_AGGRESSIVE;
				GCC_WARN_UNUSED_FUNCTION = YES;
				GCC_WARN_UNUSED_VARIABLE = YES;
				MACOSX_DEPLOYMENT_TARGET = 11.0;
				MTL_ENABLE_DEBUG_INFO = NO;
				MTL_FAST_MATH = YES;
				SDKROOT = macosx;
				SWIFT_COMPILATION_MODE = wholemodule;
				SWIFT_OPTIMIZATION_LEVEL = "-O";
			};
			name = Release;
		};
		013D3A1B254AFADF0057F24A /* Debug */ = {
			isa = XCBuildConfiguration;
			buildSettings = {
				ASSETCATALOG_COMPILER_APPICON_NAME = AppIcon;
				ASSETCATALOG_COMPILER_GLOBAL_ACCENT_COLOR_NAME = AccentColor;
				CODE_SIGN_ENTITLEMENTS = Scenecuts/Scenecuts.entitlements;
				CODE_SIGN_IDENTITY = "Apple Development";
				CODE_SIGN_STYLE = Manual;
				COMBINE_HIDPI_IMAGES = YES;
				CURRENT_PROJECT_VERSION = 1;
				DEVELOPMENT_ASSET_PATHS = "\"Scenecuts/Preview Content\"";
				DEVELOPMENT_TEAM = Z9QV6PA2TY;
				ENABLE_HARDENED_RUNTIME = YES;
				ENABLE_PREVIEWS = YES;
				INFOPLIST_FILE = Scenecuts/Info.plist;
				LD_RUNPATH_SEARCH_PATHS = (
					"$(inherited)",
					"@executable_path/../Frameworks",
				);
				MACOSX_DEPLOYMENT_TARGET = 13.5;
				MARKETING_VERSION = 2023.1;
				PRODUCT_BUNDLE_IDENTIFIER = com.nick.Scenecuts;
				PRODUCT_NAME = "$(TARGET_NAME)";
				PROVISIONING_PROFILE_SPECIFIER = "";
				SKIP_INSTALL = YES;
				SWIFT_VERSION = 5.0;
			};
			name = Debug;
		};
		013D3A1C254AFADF0057F24A /* Release */ = {
			isa = XCBuildConfiguration;
			buildSettings = {
				ASSETCATALOG_COMPILER_APPICON_NAME = AppIcon;
				ASSETCATALOG_COMPILER_GLOBAL_ACCENT_COLOR_NAME = AccentColor;
				CODE_SIGN_ENTITLEMENTS = Scenecuts/Scenecuts.entitlements;
				CODE_SIGN_IDENTITY = "Apple Development";
				CODE_SIGN_STYLE = Manual;
				COMBINE_HIDPI_IMAGES = YES;
				CURRENT_PROJECT_VERSION = 1;
				DEVELOPMENT_ASSET_PATHS = "\"Scenecuts/Preview Content\"";
				DEVELOPMENT_TEAM = Z9QV6PA2TY;
				ENABLE_HARDENED_RUNTIME = YES;
				ENABLE_PREVIEWS = YES;
				INFOPLIST_FILE = Scenecuts/Info.plist;
				LD_RUNPATH_SEARCH_PATHS = (
					"$(inherited)",
					"@executable_path/../Frameworks",
				);
				MACOSX_DEPLOYMENT_TARGET = 13.5;
				MARKETING_VERSION = 2023.1;
				PRODUCT_BUNDLE_IDENTIFIER = com.nick.Scenecuts;
				PRODUCT_NAME = "$(TARGET_NAME)";
				PROVISIONING_PROFILE_SPECIFIER = "";
				SKIP_INSTALL = YES;
				SWIFT_VERSION = 5.0;
			};
			name = Release;
		};
		0177BF16254B4294008492AB /* Debug */ = {
			isa = XCBuildConfiguration;
			buildSettings = {
				ALWAYS_EMBED_SWIFT_STANDARD_LIBRARIES = YES;
				ARCHS = "$(ARCHS_STANDARD)";
				ASSETCATALOG_COMPILER_APPICON_NAME = AppIconHelper;
				ASSETCATALOG_COMPILER_GLOBAL_ACCENT_COLOR_NAME = AccentColor;
				CODE_SIGN_ENTITLEMENTS = ScenecutsHelper/ScenecutsHelper.entitlements;
				CODE_SIGN_STYLE = Automatic;
				CURRENT_PROJECT_VERSION = 2022.6.16;
				DEVELOPMENT_ASSET_PATHS = "\"ScenecutsHelper/Preview Content\"";
				DEVELOPMENT_TEAM = Z9QV6PA2TY;
				"ENABLE_HARDENED_RUNTIME[sdk=macosx*]" = YES;
				ENABLE_PREVIEWS = YES;
				INFOPLIST_FILE = ScenecutsHelper/Info.plist;
				IPHONEOS_DEPLOYMENT_TARGET = 16.6;
				LD_RUNPATH_SEARCH_PATHS = (
					"$(inherited)",
					"@executable_path/Frameworks",
				);
				MARKETING_VERSION = 2022.1;
				PRODUCT_BUNDLE_IDENTIFIER = com.nick.ScenecutsHelper;
				PRODUCT_NAME = Scenecuts;
				SDKROOT = iphoneos;
				SKIP_INSTALL = NO;
				SUPPORTS_MACCATALYST = YES;
				SWIFT_VERSION = 5.0;
				TARGETED_DEVICE_FAMILY = "1,2";
			};
			name = Debug;
		};
		0177BF17254B4294008492AB /* Release */ = {
			isa = XCBuildConfiguration;
			buildSettings = {
				ALWAYS_EMBED_SWIFT_STANDARD_LIBRARIES = YES;
				ARCHS = "$(ARCHS_STANDARD)";
				ASSETCATALOG_COMPILER_APPICON_NAME = AppIconHelper;
				ASSETCATALOG_COMPILER_GLOBAL_ACCENT_COLOR_NAME = AccentColor;
				CODE_SIGN_ENTITLEMENTS = ScenecutsHelper/ScenecutsHelper.entitlements;
				CODE_SIGN_STYLE = Automatic;
				CURRENT_PROJECT_VERSION = 2022.6.16;
				DEVELOPMENT_ASSET_PATHS = "\"ScenecutsHelper/Preview Content\"";
				DEVELOPMENT_TEAM = Z9QV6PA2TY;
				"ENABLE_HARDENED_RUNTIME[sdk=macosx*]" = YES;
				ENABLE_PREVIEWS = YES;
				INFOPLIST_FILE = ScenecutsHelper/Info.plist;
				IPHONEOS_DEPLOYMENT_TARGET = 16.6;
				LD_RUNPATH_SEARCH_PATHS = (
					"$(inherited)",
					"@executable_path/Frameworks",
				);
				MARKETING_VERSION = 2022.1;
				PRODUCT_BUNDLE_IDENTIFIER = com.nick.ScenecutsHelper;
				PRODUCT_NAME = Scenecuts;
				SDKROOT = iphoneos;
				SKIP_INSTALL = NO;
				SUPPORTS_MACCATALYST = YES;
				SWIFT_VERSION = 5.0;
				TARGETED_DEVICE_FAMILY = "1,2";
				VALIDATE_PRODUCT = YES;
			};
			name = Release;
		};
		01AE3D032731C24300DD6569 /* Debug */ = {
			isa = XCBuildConfiguration;
			buildSettings = {
				ALLOW_TARGET_PLATFORM_SPECIALIZATION = YES;
				ASSETCATALOG_COMPILER_APPICON_NAME = AppIcon;
				ASSETCATALOG_COMPILER_GLOBAL_ACCENT_COLOR_NAME = AccentColor;
				ASSETCATALOG_COMPILER_WIDGET_BACKGROUND_COLOR_NAME = WidgetBackground;
				CLANG_CXX_LANGUAGE_STANDARD = "gnu++17";
				CODE_SIGN_ENTITLEMENTS = Widget/ScenecutsWidget.entitlements;
				CODE_SIGN_IDENTITY = "Apple Development";
				CODE_SIGN_STYLE = Automatic;
				CURRENT_PROJECT_VERSION = 2022.6.16;
				DEVELOPMENT_TEAM = Z9QV6PA2TY;
				GENERATE_INFOPLIST_FILE = YES;
				INFOPLIST_FILE = Widget/Info.plist;
				INFOPLIST_KEY_CFBundleDisplayName = Scenecuts;
				INFOPLIST_KEY_NSHumanReadableCopyright = "";
				LD_RUNPATH_SEARCH_PATHS = (
					"$(inherited)",
					"@executable_path/../Frameworks",
					"@executable_path/../../../../Frameworks",
				);
				MACOSX_DEPLOYMENT_TARGET = 12.0;
				MARKETING_VERSION = 2022.1;
				PRODUCT_BUNDLE_IDENTIFIER = com.nick.ScenecutsHelper.ScenecutsWidget;
				PRODUCT_NAME = "$(TARGET_NAME)";
				SKIP_INSTALL = YES;
				SUPPORTED_PLATFORMS = macosx;
				SUPPORTS_MACCATALYST = YES;
				SWIFT_EMIT_LOC_STRINGS = YES;
				SWIFT_VERSION = 5.0;
			};
			name = Debug;
		};
		01AE3D042731C24300DD6569 /* Release */ = {
			isa = XCBuildConfiguration;
			buildSettings = {
				ALLOW_TARGET_PLATFORM_SPECIALIZATION = YES;
				ASSETCATALOG_COMPILER_APPICON_NAME = AppIcon;
				ASSETCATALOG_COMPILER_GLOBAL_ACCENT_COLOR_NAME = AccentColor;
				ASSETCATALOG_COMPILER_WIDGET_BACKGROUND_COLOR_NAME = WidgetBackground;
				CLANG_CXX_LANGUAGE_STANDARD = "gnu++17";
				CODE_SIGN_ENTITLEMENTS = Widget/ScenecutsWidget.entitlements;
				CODE_SIGN_IDENTITY = "Apple Development";
				CODE_SIGN_STYLE = Automatic;
				CURRENT_PROJECT_VERSION = 2022.6.16;
				DEVELOPMENT_TEAM = Z9QV6PA2TY;
				GENERATE_INFOPLIST_FILE = YES;
				INFOPLIST_FILE = Widget/Info.plist;
				INFOPLIST_KEY_CFBundleDisplayName = Scenecuts;
				INFOPLIST_KEY_NSHumanReadableCopyright = "";
				LD_RUNPATH_SEARCH_PATHS = (
					"$(inherited)",
					"@executable_path/../Frameworks",
					"@executable_path/../../../../Frameworks",
				);
				MACOSX_DEPLOYMENT_TARGET = 12.0;
				MARKETING_VERSION = 2022.1;
				PRODUCT_BUNDLE_IDENTIFIER = com.nick.ScenecutsHelper.ScenecutsWidget;
				PRODUCT_NAME = "$(TARGET_NAME)";
				SKIP_INSTALL = YES;
				SUPPORTED_PLATFORMS = macosx;
				SUPPORTS_MACCATALYST = YES;
				SWIFT_EMIT_LOC_STRINGS = YES;
				SWIFT_VERSION = 5.0;
			};
			name = Release;
		};
		01DA5BB527344FE10034F959 /* Debug */ = {
			isa = XCBuildConfiguration;
			buildSettings = {
				CLANG_CXX_LANGUAGE_STANDARD = "gnu++17";
				CODE_SIGN_ENTITLEMENTS = SceneTriggerHandler/SceneTriggerHandler.entitlements;
				CODE_SIGN_STYLE = Automatic;
				CURRENT_PROJECT_VERSION = 2022.6.16;
				DEVELOPMENT_TEAM = Z9QV6PA2TY;
				GENERATE_INFOPLIST_FILE = YES;
				INFOPLIST_FILE = SceneTriggerHandler/Info.plist;
				INFOPLIST_KEY_CFBundleDisplayName = SceneTriggerHandler;
				INFOPLIST_KEY_NSHumanReadableCopyright = "";
				IPHONEOS_DEPLOYMENT_TARGET = 15.0;
				LD_RUNPATH_SEARCH_PATHS = (
					"$(inherited)",
					"@executable_path/Frameworks",
					"@executable_path/../../Frameworks",
				);
				MARKETING_VERSION = 2022.1;
				PRODUCT_BUNDLE_IDENTIFIER = com.nick.ScenecutsHelper.SceneTriggerHandler;
				PRODUCT_NAME = "$(TARGET_NAME)";
				SDKROOT = iphoneos;
				SKIP_INSTALL = YES;
				SUPPORTS_MACCATALYST = YES;
				SWIFT_EMIT_LOC_STRINGS = YES;
				SWIFT_VERSION = 5.0;
				TARGETED_DEVICE_FAMILY = "1,2";
			};
			name = Debug;
		};
		01DA5BB627344FE10034F959 /* Release */ = {
			isa = XCBuildConfiguration;
			buildSettings = {
				CLANG_CXX_LANGUAGE_STANDARD = "gnu++17";
				CODE_SIGN_ENTITLEMENTS = SceneTriggerHandler/SceneTriggerHandler.entitlements;
				CODE_SIGN_STYLE = Automatic;
				CURRENT_PROJECT_VERSION = 2022.6.16;
				DEVELOPMENT_TEAM = Z9QV6PA2TY;
				GENERATE_INFOPLIST_FILE = YES;
				INFOPLIST_FILE = SceneTriggerHandler/Info.plist;
				INFOPLIST_KEY_CFBundleDisplayName = SceneTriggerHandler;
				INFOPLIST_KEY_NSHumanReadableCopyright = "";
				IPHONEOS_DEPLOYMENT_TARGET = 15.0;
				LD_RUNPATH_SEARCH_PATHS = (
					"$(inherited)",
					"@executable_path/Frameworks",
					"@executable_path/../../Frameworks",
				);
				MARKETING_VERSION = 2022.1;
				PRODUCT_BUNDLE_IDENTIFIER = com.nick.ScenecutsHelper.SceneTriggerHandler;
				PRODUCT_NAME = "$(TARGET_NAME)";
				SDKROOT = iphoneos;
				SKIP_INSTALL = YES;
				SUPPORTS_MACCATALYST = YES;
				SWIFT_EMIT_LOC_STRINGS = YES;
				SWIFT_VERSION = 5.0;
				TARGETED_DEVICE_FAMILY = "1,2";
				VALIDATE_PRODUCT = YES;
			};
			name = Release;
		};
/* End XCBuildConfiguration section */

/* Begin XCConfigurationList section */
		0104AC8D254E0F33004124CD /* Build configuration list for PBXNativeTarget "AppKitIntegration" */ = {
			isa = XCConfigurationList;
			buildConfigurations = (
				0104AC8E254E0F33004124CD /* Debug */,
				0104AC8F254E0F33004124CD /* Release */,
			);
			defaultConfigurationIsVisible = 0;
			defaultConfigurationName = Release;
		};
		013D3A05254AFADF0057F24A /* Build configuration list for PBXProject "Scenecuts" */ = {
			isa = XCConfigurationList;
			buildConfigurations = (
				013D3A18254AFADF0057F24A /* Debug */,
				013D3A19254AFADF0057F24A /* Release */,
			);
			defaultConfigurationIsVisible = 0;
			defaultConfigurationName = Release;
		};
		013D3A1A254AFADF0057F24A /* Build configuration list for PBXNativeTarget "Scenecuts" */ = {
			isa = XCConfigurationList;
			buildConfigurations = (
				013D3A1B254AFADF0057F24A /* Debug */,
				013D3A1C254AFADF0057F24A /* Release */,
			);
			defaultConfigurationIsVisible = 0;
			defaultConfigurationName = Release;
		};
		0177BF18254B4294008492AB /* Build configuration list for PBXNativeTarget "Scenecuts Helper" */ = {
			isa = XCConfigurationList;
			buildConfigurations = (
				0177BF16254B4294008492AB /* Debug */,
				0177BF17254B4294008492AB /* Release */,
			);
			defaultConfigurationIsVisible = 0;
			defaultConfigurationName = Release;
		};
		01AE3D052731C24300DD6569 /* Build configuration list for PBXNativeTarget "ScenecutsWidgetExtension" */ = {
			isa = XCConfigurationList;
			buildConfigurations = (
				01AE3D032731C24300DD6569 /* Debug */,
				01AE3D042731C24300DD6569 /* Release */,
			);
			defaultConfigurationIsVisible = 0;
			defaultConfigurationName = Release;
		};
		01DA5BB427344FE10034F959 /* Build configuration list for PBXNativeTarget "SceneTriggerHandler" */ = {
			isa = XCConfigurationList;
			buildConfigurations = (
				01DA5BB527344FE10034F959 /* Debug */,
				01DA5BB627344FE10034F959 /* Release */,
			);
			defaultConfigurationIsVisible = 0;
			defaultConfigurationName = Release;
		};
/* End XCConfigurationList section */

/* Begin XCRemoteSwiftPackageReference section */
		0177BE81254B1B42008492AB /* XCRemoteSwiftPackageReference "KeyboardShortcuts" */ = {
			isa = XCRemoteSwiftPackageReference;
			repositoryURL = "https://github.com/sindresorhus/KeyboardShortcuts";
			requirement = {
				kind = upToNextMajorVersion;
				minimumVersion = 1.0.0;
			};
		};
		019D948B255F0A0E00A3D48A /* XCRemoteSwiftPackageReference "SFSafeSymbols" */ = {
			isa = XCRemoteSwiftPackageReference;
			repositoryURL = "https://github.com/piknotech/SFSafeSymbols.git";
			requirement = {
				kind = upToNextMajorVersion;
				minimumVersion = 4.1.1;
			};
		};
		E90789FD2AE88D810025F6B4 /* XCRemoteSwiftPackageReference "LaunchAtLogin-Modern" */ = {
			isa = XCRemoteSwiftPackageReference;
			repositoryURL = "https://github.com/sindresorhus/LaunchAtLogin-Modern";
			requirement = {
				kind = upToNextMajorVersion;
				minimumVersion = 1.0.0;
			};
		};
/* End XCRemoteSwiftPackageReference section */

/* Begin XCSwiftPackageProductDependency section */
		0177BE82254B1B42008492AB /* KeyboardShortcuts */ = {
			isa = XCSwiftPackageProductDependency;
			package = 0177BE81254B1B42008492AB /* XCRemoteSwiftPackageReference "KeyboardShortcuts" */;
			productName = KeyboardShortcuts;
		};
		019D948C255F0A0E00A3D48A /* SFSafeSymbols */ = {
			isa = XCSwiftPackageProductDependency;
			package = 019D948B255F0A0E00A3D48A /* XCRemoteSwiftPackageReference "SFSafeSymbols" */;
			productName = SFSafeSymbols;
		};
		E90789FE2AE88D810025F6B4 /* LaunchAtLogin */ = {
			isa = XCSwiftPackageProductDependency;
			package = E90789FD2AE88D810025F6B4 /* XCRemoteSwiftPackageReference "LaunchAtLogin-Modern" */;
			productName = LaunchAtLogin;
		};
/* End XCSwiftPackageProductDependency section */
	};
	rootObject = 013D3A02254AFADF0057F24A /* Project object */;
}
